
Microsoft Visual Studio Solution File, Format Version 12.00
# Visual Studio Version 16
VisualStudioVersion = 16.0.30128.74
MinimumVisualStudioVersion = 10.0.40219.1
Project("{FAE04EC0-301F-11D3-BF4B-00C04F79EFBC}") = "Main", "Main\Main.csproj", "{7CF59F26-C034-4414-98E0-6A1181B8B7FF}"
EndProject
Project("{FAE04EC0-301F-11D3-BF4B-00C04F79EFBC}") = "MetaWeatherLibrary", "MetaWeatherLibrary\MetaWeatherLibrary.csproj", "{03648B63-1834-488E-9D4E-53127B97CB6D}"
EndProject
Global
	GlobalSection(SolutionConfigurationPlatforms) = preSolution
		Debug|Any CPU = Debug|Any CPU
		Release|Any CPU = Release|Any CPU
	EndGlobalSection
	GlobalSection(ProjectConfigurationPlatforms) = postSolution
		{7CF59F26-C034-4414-98E0-6A1181B8B7FF}.Debug|Any CPU.ActiveCfg = Debug|Any CPU
		{7CF59F26-C034-4414-98E0-6A1181B8B7FF}.Debug|Any CPU.Build.0 = Debug|Any CPU
		{7CF59F26-C034-4414-98E0-6A1181B8B7FF}.Release|Any CPU.ActiveCfg = Release|Any CPU
		{7CF59F26-C034-4414-98E0-6A1181B8B7FF}.Release|Any CPU.Build.0 = Release|Any CPU
		{03648B63-1834-488E-9D4E-53127B97CB6D}.Debug|Any CPU.ActiveCfg = Debug|Any CPU
		{03648B63-1834-488E-9D4E-53127B97CB6D}.Debug|Any CPU.Build.0 = Debug|Any CPU
		{03648B63-1834-488E-9D4E-53127B97CB6D}.Release|Any CPU.ActiveCfg = Release|Any CPU
		{03648B63-1834-488E-9D4E-53127B97CB6D}.Release|Any CPU.Build.0 = Release|Any CPU
	EndGlobalSection
	GlobalSection(SolutionProperties) = preSolution
		HideSolutionNode = FALSE
	EndGlobalSection
	GlobalSection(ExtensibilityGlobals) = postSolution
		SolutionGuid = {DA5F4BE4-70F5-4DF4-8F94-5F07476ACCFE}
	EndGlobalSection
EndGlobal
